# This file is autogenerated, do not edit; changes may be undone by the next 'dep ensure'.


[[projects]]
  digest = "1:a2c1d0e43bd3baaa071d1b9ed72c27d78169b2b269f71c105ac4ba34b1be4a39"
  name = "github.com/davecgh/go-spew"
  packages = ["spew"]
  pruneopts = "UT"
  revision = "346938d642f2ec3594ed81d874461961cd0faa76"
  version = "v1.1.0"

[[projects]]
  digest = "1:6f9339c912bbdda81302633ad7e99a28dfa5a639c864061f1929510a9a64aa74"
  name = "github.com/dustin/go-humanize"
  packages = ["."]
  pruneopts = "UT"
  revision = "9f541cc9db5d55bce703bd99987c9d5cb8eea45e"
  version = "v1.0.0"

[[projects]]
  digest = "1:abeb38ade3f32a92943e5be54f55ed6d6e3b6602761d74b4aab4c9dd45c18abd"
  name = "github.com/fsnotify/fsnotify"
  packages = ["."]
  pruneopts = "UT"
  revision = "c2828203cd70a50dcccfb2761f8b1f8ceef9a8e9"
  version = "v1.4.7"

[[projects]]
  digest = "1:b98e7574fc27ec166fb31195ec72c3bd0bffd73926d3612eb4c929bc5236f75b"
  name = "github.com/go-ini/ini"
  packages = ["."]
  pruneopts = "UT"
  revision = "7b294651033cd7d9e7f0d9ffa1b75ed1e198e737"
  version = "v1.38.3"

[[projects]]
  digest = "1:17fe264ee908afc795734e8c4e63db2accabaf57326dbf21763a7d6b86096260"
  name = "github.com/golang/protobuf"
  packages = [
    "proto",
    "ptypes",
    "ptypes/any",
    "ptypes/duration",
    "ptypes/timestamp",
  ]
  pruneopts = "UT"
  revision = "b4deda0973fb4c70b50d226b1af49f3da59f5265"
  version = "v1.1.0"

[[projects]]
  branch = "master"
  digest = "1:bc36a17a513f15717b5fa3dcfd666f5ddb6fd3db06f5f2834ac2f5979d4f5070"
  name = "github.com/gorilla/websocket"
  packages = ["."]
  pruneopts = "UT"
  revision = "5ed622c449da6d44c3c8329331ff47a9e5844f71"

[[projects]]
  digest = "1:39e3c6a08d969bd30057f542ef0bdc08db97c04e708a61bb0a774b320a7296b2"
  name = "github.com/hashicorp/go-hclog"
  packages = ["."]
  pruneopts = "UT"
  revision = "69ff559dc25f3b435631604f573a5fa1efdb6433"

[[projects]]
  digest = "1:82320f8469d1524df337bc315a38c87644765cd89ec4cf3cbda249a3acdde671"
  name = "github.com/hashicorp/go-plugin"
  packages = ["."]
  pruneopts = "UT"
  revision = "e8d22c780116115ae5624720c9af0c97afe4f551"

[[projects]]
  digest = "1:c0d19ab64b32ce9fe5cf4ddceba78d5bc9807f0016db6b1183599da3dcc24d10"
  name = "github.com/hashicorp/hcl"
  packages = [
    ".",
    "hcl/ast",
    "hcl/parser",
    "hcl/printer",
    "hcl/scanner",
    "hcl/strconv",
    "hcl/token",
    "json/parser",
    "json/scanner",
    "json/token",
  ]
  pruneopts = "UT"
  revision = "8cb6e5b959231cc1119e43259c4a608f9c51a241"
  version = "v1.0.0"

[[projects]]
  branch = "master"
  digest = "1:89658943622e6bc5e76b4da027ee9583fa0b321db0c797bd554edab96c1ca2b1"
  name = "github.com/hashicorp/yamux"
  packages = ["."]
  pruneopts = "UT"
  revision = "3520598351bb3500a49ae9563f5539666ae0a27c"

[[projects]]
  branch = "master"
  digest = "1:8bacc2118e6cc6a207eb144656537ff7ee0397f8bc8c1f7639519b0de2bb949a"
  name = "github.com/jaytaylor/html2text"
  packages = ["."]
  pruneopts = "UT"
  revision = "57d518f124b0cf46ea2021f25a01396b3522e6fb"

[[projects]]
  digest = "1:0a69a1c0db3591fcefb47f115b224592c8dfa4368b7ba9fae509d5e16cdc95c8"
  name = "github.com/konsorten/go-windows-terminal-sequences"
  packages = ["."]
  pruneopts = "UT"
  revision = "5c8c8bd35d3832f5d134ae1e1e375b69a4d25242"
  version = "v1.0.1"

[[projects]]
  digest = "1:c568d7727aa262c32bdf8a3f7db83614f7af0ed661474b24588de635c20024c7"
  name = "github.com/magiconair/properties"
  packages = ["."]
  pruneopts = "UT"
  revision = "c2353362d570a7bfa228149c62842019201cfb71"
  version = "v1.8.0"

[[projects]]
  digest = "1:abe61782f497f4d340d383cd5a857aaebc394ad97702e21ce4a015de611d3783"
  name = "github.com/mattermost/mattermost-server"
  packages = [
    "einterfaces",
    "mlog",
    "model",
    "plugin",
    "plugin/plugintest",
    "plugin/plugintest/mock",
    "utils",
    "utils/jsonutils",
    "utils/markdown",
  ]
  pruneopts = "UT"
  revision = "fd21e53365d504155ab87f9bef60b1ab4faeb38d"
  version = "v5.3.1"

[[projects]]
  branch = "mattermost"
  digest = "1:184692ed2b6b7d604bfe9d0d43a95cd0e0d9872b3dc49a6cb3c11a231bd9788d"
  name = "github.com/mattermost/viper"
  packages = ["."]
  pruneopts = "UT"
  revision = "362ff1e71044349d56d37d8b75cd317bff8369b9"
  source = "https://github.com/mattermost/viper"

[[projects]]
  digest = "1:cdb899c199f907ac9fb50495ec71212c95cb5b0e0a8ee0800da0238036091033"
  name = "github.com/mattn/go-runewidth"
  packages = ["."]
  pruneopts = "UT"
  revision = "ce7b0b5c7b45a81508558cd1dba6bb1e4ddb51bb"
  version = "v0.0.3"

[[projects]]
  digest = "1:a59961d3a1bdcce745e237a22006f462e454297ba63f81f251e40e11801797ad"
  name = "github.com/minio/minio-go"
  packages = [
    ".",
    "pkg/credentials",
    "pkg/encrypt",
    "pkg/s3signer",
    "pkg/s3utils",
    "pkg/set",
  ]
  pruneopts = "UT"
  revision = "76305dad725fda18a9abcfc6cfc5797f251ea271"
  version = "v6.0.8"

[[projects]]
  digest = "1:78bbb1ba5b7c3f2ed0ea1eab57bdd3859aec7e177811563edc41198a760b06af"
  name = "github.com/mitchellh/go-homedir"
  packages = ["."]
  pruneopts = "UT"
  revision = "ae18d6b8b3205b561c79e8e5f69bff09736185f4"
  version = "v1.0.0"

[[projects]]
  branch = "master"
  digest = "1:cae1afe858922bd10e9573b87130f730a6e4183a00eba79920d6656629468bfa"
  name = "github.com/mitchellh/go-testing-interface"
  packages = ["."]
  pruneopts = "UT"
  revision = "a61a99592b77c9ba629d254a693acffaeb4b7e28"

[[projects]]
  digest = "1:53bc4cd4914cd7cd52139990d5170d6dc99067ae31c56530621b18b35fc30318"
  name = "github.com/mitchellh/mapstructure"
  packages = ["."]
  pruneopts = "UT"
  revision = "3536a929edddb9a5b34bd6861dc4a9647cb459fe"
  version = "v1.1.2"

[[projects]]
  digest = "1:07140002dbf37da92090f731b46fa47be4820b82fe5c14a035203b0e813d0ec2"
  name = "github.com/nicksnyder/go-i18n"
  packages = [
    "i18n",
    "i18n/bundle",
    "i18n/language",
    "i18n/translation",
  ]
  pruneopts = "UT"
  revision = "0dc1626d56435e9d605a29875701721c54bc9bbd"
  version = "v1.10.0"

[[projects]]
  digest = "1:9ec6cf1df5ad1d55cf41a43b6b1e7e118a91bade4f68ff4303379343e40c0e25"
  name = "github.com/oklog/run"
  packages = ["."]
  pruneopts = "UT"
  revision = "4dadeb3030eda0273a12382bb2348ffc7c9d1a39"
  version = "v1.0.0"

[[projects]]
  branch = "master"
  digest = "1:f611266e3ac01ab4adb6f1d67f6c1be82998d02f452faff450596658712d860b"
  name = "github.com/olekukonko/tablewriter"
  packages = ["."]
  pruneopts = "UT"
  revision = "be2c049b30ccd4d3fd795d6bf7dce74e42eeedaa"

[[projects]]
  digest = "1:361de06aa7ae272616cbe71c3994a654cc6316324e30998e650f7765b20c5b33"
  name = "github.com/pborman/uuid"
  packages = ["."]
  pruneopts = "UT"
  revision = "e790cca94e6cc75c7064b1332e63811d4aae1a53"
  version = "v1.1"

[[projects]]
  digest = "1:95741de3af260a92cc5c7f3f3061e85273f5a81b5db20d4bd68da74bd521675e"
  name = "github.com/pelletier/go-toml"
  packages = ["."]
  pruneopts = "UT"
  revision = "c01d1270ff3e442a8a57cddc1c92dc1138598194"
  version = "v1.2.0"

[[projects]]
  digest = "1:40e195917a951a8bf867cd05de2a46aaf1806c50cf92eebf4c16f78cd196f747"
  name = "github.com/pkg/errors"
  packages = ["."]
  pruneopts = "UT"
  revision = "645ef00459ed84a119197bfb8d8205042c6df63d"
  version = "v0.8.0"

[[projects]]
  digest = "1:0028cb19b2e4c3112225cd871870f2d9cf49b9b4276531f03438a88e94be86fe"
  name = "github.com/pmezard/go-difflib"
  packages = ["difflib"]
  pruneopts = "UT"
  revision = "792786c7400a136282c1664665ae0a8db921c6c2"
  version = "v1.0.0"

[[projects]]
  digest = "1:3f53e9e4dfbb664cd62940c9c4b65a2171c66acd0b7621a1a6b8e78513525a52"
  name = "github.com/sirupsen/logrus"
  packages = ["."]
  pruneopts = "UT"
  revision = "ad15b42461921f1fb3529b058c6786c6a45d5162"
  version = "v1.1.1"

[[projects]]
  digest = "1:6a4a11ba764a56d2758899ec6f3848d24698d48442ebce85ee7a3f63284526cd"
  name = "github.com/spf13/afero"
  packages = [
    ".",
    "mem",
  ]
  pruneopts = "UT"
  revision = "d40851caa0d747393da1ffb28f7f9d8b4eeffebd"
  version = "v1.1.2"

[[projects]]
  digest = "1:516e71bed754268937f57d4ecb190e01958452336fa73dbac880894164e91c1f"
  name = "github.com/spf13/cast"
  packages = ["."]
  pruneopts = "UT"
  revision = "8965335b8c7107321228e3e3702cab9832751bac"
  version = "v1.2.0"

[[projects]]
  digest = "1:68ea4e23713989dc20b1bded5d9da2c5f9be14ff9885beef481848edd18c26cb"
  name = "github.com/spf13/jwalterweatherman"
  packages = ["."]
  pruneopts = "UT"
  revision = "4a4406e478ca629068e7768fc33f3f044173c0a6"
  version = "v1.0.0"

[[projects]]
  digest = "1:c1b1102241e7f645bc8e0c22ae352e8f0dc6484b6cb4d132fa9f24174e0119e2"
  name = "github.com/spf13/pflag"
  packages = ["."]
  pruneopts = "UT"
  revision = "298182f68c66c05229eb03ac171abe6e309ee79a"
  version = "v1.0.3"

[[projects]]
  branch = "master"
  digest = "1:362b269942e8508aed33025593090ad4cdbd9077de4b1cd505e6124728e9e856"
  name = "github.com/ssor/bom"
  packages = ["."]
  pruneopts = "UT"
  revision = "6386211fdfcf24c0bfbdaceafd02849ed9a8a509"

[[projects]]
  digest = "1:ac83cf90d08b63ad5f7e020ef480d319ae890c208f8524622a2f3136e2686b02"
  name = "github.com/stretchr/objx"
  packages = ["."]
  pruneopts = "UT"
  revision = "477a77ecc69700c7cdeb1fa9e129548e1c1c393c"
  version = "v0.1.1"

[[projects]]
  digest = "1:15a4a7e5afac3cea801fa24831fce3bf3b5bd3620cbf8355a07b7dbf06877883"
  name = "github.com/stretchr/testify"
  packages = [
    "assert",
    "mock",
  ]
  pruneopts = "UT"
  revision = "f35b8ab0b5a2cef36673838d662e249dd9c94686"
  version = "v1.2.2"

[[projects]]
  digest = "1:3c1a69cdae3501bf75e76d0d86dc6f2b0a7421bc205c0cb7b96b19eed464a34d"
  name = "go.uber.org/atomic"
  packages = ["."]
  pruneopts = "UT"
  revision = "1ea20fb1cbb1cc08cbd0d913a96dead89aa18289"
  version = "v1.3.2"

[[projects]]
  digest = "1:60bf2a5e347af463c42ed31a493d817f8a72f102543060ed992754e689805d1a"
  name = "go.uber.org/multierr"
  packages = ["."]
  pruneopts = "UT"
  revision = "3c4937480c32f4c13a875a1829af76c98ca3d40a"
  version = "v1.1.0"

[[projects]]
  digest = "1:9580b1b079114140ade8cec957685344d14f00119e0241f6b369633cb346eeb3"
  name = "go.uber.org/zap"
  packages = [
    ".",
    "buffer",
    "internal/bufferpool",
    "internal/color",
    "internal/exit",
    "zapcore",
  ]
  pruneopts = "UT"
  revision = "eeedf312bc6c57391d84767a4cd413f02a917974"
  source = "https://github.com/uber-go/zap"
  version = "v1.8.0"

[[projects]]
  branch = "master"
  digest = "1:d652c5a89f671eb69b2697f659e83a07a5305958ba9466210f88c62f8fe3c729"
  name = "golang.org/x/crypto"
  packages = [
    "argon2",
    "bcrypt",
    "blake2b",
    "blowfish",
    "ssh/terminal",
  ]
  pruneopts = "UT"
  revision = "a49355c7e3f8fe157a85be2f77e6e269a0f89602"

[[projects]]
  branch = "master"
  digest = "1:1a7ed03461723f0f2d401c19b9c2a9fdadf90429ae2052a900c136fb8da78cf1"
  name = "golang.org/x/net"
  packages = [
    "context",
    "html",
    "html/atom",
    "http/httpguts",
    "http2",
    "http2/hpack",
    "idna",
    "internal/timeseries",
    "trace",
  ]
  pruneopts = "UT"
  revision = "32a936f46389aa10549d60bd7833e54b01685d09"

[[projects]]
  branch = "master"
  digest = "1:9499e4b3284b485c77e0b08c20392d1add88a982fba2468fc01a45a025110df5"
  name = "golang.org/x/sys"
  packages = [
    "cpu",
    "unix",
    "windows",
  ]
  pruneopts = "UT"
  revision = "fa43e7bc11baaae89f3f902b2b4d832b68234844"

[[projects]]
  digest = "1:a2ab62866c75542dd18d2b069fec854577a20211d7c0ea6ae746072a1dccdd18"
  name = "golang.org/x/text"
  packages = [
    "collate",
    "collate/build",
    "internal/colltab",
    "internal/gen",
    "internal/tag",
    "internal/triegen",
    "internal/ucd",
    "language",
    "secure/bidirule",
    "transform",
    "unicode/bidi",
    "unicode/cldr",
    "unicode/norm",
    "unicode/rangetable",
  ]
  pruneopts = "UT"
  revision = "f21a4dfb5e38f5895301dc265a8def02365cc3d0"
  version = "v0.3.0"

[[projects]]
  branch = "master"
  digest = "1:601e63e7d4577f907118bec825902505291918859d223bce015539e79f1160e3"
  name = "google.golang.org/genproto"
  packages = ["googleapis/rpc/status"]
  pruneopts = "UT"
  revision = "ff3583edef7de132f219f0efc00e097cabcc0ec0"

[[projects]]
  digest = "1:1a9c0243b6fc4ccd431b2ac2eb964b453db89e0465bab46a718695f8a7f25bfb"
  name = "google.golang.org/grpc"
  packages = [
    ".",
    "balancer",
    "balancer/base",
    "balancer/roundrobin",
    "codes",
    "connectivity",
    "credentials",
    "encoding",
    "encoding/proto",
    "grpclog",
    "health",
    "health/grpc_health_v1",
    "internal",
    "internal/backoff",
    "internal/channelz",
    "internal/grpcrand",
    "keepalive",
    "metadata",
    "naming",
    "peer",
    "resolver",
    "resolver/dns",
    "resolver/passthrough",
    "stats",
    "status",
    "tap",
    "transport",
  ]
  pruneopts = "UT"
  revision = "168a6198bcb0ef175f7dacec0b8691fc141dc9b8"
  version = "v1.13.0"

[[projects]]
  branch = "v3"
  digest = "1:7388652e2215a3f45d341d58766ed58317971030eb1cbd75f005f96ace8e9196"
  name = "gopkg.in/alexcesaro/quotedprintable.v3"
  packages = ["."]
  pruneopts = "UT"
  revision = "2caba252f4dc53eaf6b553000885530023f54623"

[[projects]]
  digest = "1:eebd52aee67d9f1e0af1859a584e14b1817581dd5f90d4585418c27b6a93c966"
  name = "gopkg.in/gomail.v2"
  packages = ["."]
  pruneopts = "UT"
  revision = "41f3572897373c5538c50a2402db15db079fa4fd"
  version = "2.0.0"

[[projects]]
  digest = "1:c805e517269b0ba4c21ded5836019ed7d16953d4026cb7d00041d039c7906be9"
  name = "gopkg.in/natefinch/lumberjack.v2"
  packages = ["."]
  pruneopts = "UT"
  revision = "a96e63847dc3c67d17befa69c303767e2f84e54f"
  version = "v2.1"

[[projects]]
  digest = "1:342378ac4dcb378a5448dd723f0784ae519383532f5e70ade24132c4c8693202"
  name = "gopkg.in/yaml.v2"
  packages = ["."]
  pruneopts = "UT"
  revision = "5420a8b6744d3b0345ab293f6fcba19c978f1183"
  version = "v2.2.1"

[solve-meta]
  analyzer-name = "dep"
  analyzer-version = 1
  input-imports = [
    "github.com/mattermost/mattermost-server/mlog",
    "github.com/mattermost/mattermost-server/model",
    "github.com/mattermost/mattermost-server/plugin",
    "github.com/mattermost/mattermost-server/plugin/plugintest",
    "github.com/mattermost/mattermost-server/plugin/plugintest/mock",
    "github.com/mattermost/mattermost-server/utils/markdown",
  ]
  solver-name = "gps-cdcl"
  solver-version = 1
